
Microsoft Visual Studio Solution File, Format Version 12.00
# Visual Studio 15
Project("{FAE04EC0-301F-11D3-BF4B-00C04F79EFBC}") = "UnityEngine.UI", "UnityEngine.UI.csproj", "{C6398EC4-ED69-1F76-1AE8-3169ECEA4A7A}"
EndProject
Project("{FAE04EC0-301F-11D3-BF4B-00C04F79EFBC}") = "LeanCommon", "LeanCommon.csproj", "{5EF34D94-951B-A455-FC32-F76AAABC1086}"
EndProject
Project("{FAE04EC0-301F-11D3-BF4B-00C04F79EFBC}") = "LeanTouch", "LeanTouch.csproj", "{9F5446E7-AE86-19F5-F321-1D7AB0C5FC89}"
EndProject
Project("{FAE04EC0-301F-11D3-BF4B-00C04F79EFBC}") = "Assembly-CSharp", "Assembly-CSharp.csproj", "{C70CB0D2-875F-8AEF-DC2A-188F884C616E}"
EndProject
Project("{FAE04EC0-301F-11D3-BF4B-00C04F79EFBC}") = "UnityEditor.UI", "UnityEditor.UI.csproj", "{74551872-B7FB-B016-03E0-BD7E614DB7B6}"
EndProject
Global
	GlobalSection(SolutionConfigurationPlatforms) = preSolution
		Debug|Any CPU = Debug|Any CPU
		Release|Any CPU = Release|Any CPU
	EndGlobalSection
	GlobalSection(ProjectConfigurationPlatforms) = postSolution
		{C6398EC4-ED69-1F76-1AE8-3169ECEA4A7A}.Debug|Any CPU.ActiveCfg = Debug|Any CPU
		{C6398EC4-ED69-1F76-1AE8-3169ECEA4A7A}.Debug|Any CPU.Build.0 = Debug|Any CPU
		{C6398EC4-ED69-1F76-1AE8-3169ECEA4A7A}.Release|Any CPU.ActiveCfg = Release|Any CPU
		{C6398EC4-ED69-1F76-1AE8-3169ECEA4A7A}.Release|Any CPU.Build.0 = Release|Any CPU
		{5EF34D94-951B-A455-FC32-F76AAABC1086}.Debug|Any CPU.ActiveCfg = Debug|Any CPU
		{5EF34D94-951B-A455-FC32-F76AAABC1086}.Debug|Any CPU.Build.0 = Debug|Any CPU
		{5EF34D94-951B-A455-FC32-F76AAABC1086}.Release|Any CPU.ActiveCfg = Release|Any CPU
		{5EF34D94-951B-A455-FC32-F76AAABC1086}.Release|Any CPU.Build.0 = Release|Any CPU
		{9F5446E7-AE86-19F5-F321-1D7AB0C5FC89}.Debug|Any CPU.ActiveCfg = Debug|Any CPU
		{9F5446E7-AE86-19F5-F321-1D7AB0C5FC89}.Debug|Any CPU.Build.0 = Debug|Any CPU
		{9F5446E7-AE86-19F5-F321-1D7AB0C5FC89}.Release|Any CPU.ActiveCfg = Release|Any CPU
		{9F5446E7-AE86-19F5-F321-1D7AB0C5FC89}.Release|Any CPU.Build.0 = Release|Any CPU
		{C70CB0D2-875F-8AEF-DC2A-188F884C616E}.Debug|Any CPU.ActiveCfg = Debug|Any CPU
		{C70CB0D2-875F-8AEF-DC2A-188F884C616E}.Debug|Any CPU.Build.0 = Debug|Any CPU
		{C70CB0D2-875F-8AEF-DC2A-188F884C616E}.Release|Any CPU.ActiveCfg = Release|Any CPU
		{C70CB0D2-875F-8AEF-DC2A-188F884C616E}.Release|Any CPU.Build.0 = Release|Any CPU
		{74551872-B7FB-B016-03E0-BD7E614DB7B6}.Debug|Any CPU.ActiveCfg = Debug|Any CPU
		{74551872-B7FB-B016-03E0-BD7E614DB7B6}.Debug|Any CPU.Build.0 = Debug|Any CPU
		{74551872-B7FB-B016-03E0-BD7E614DB7B6}.Release|Any CPU.ActiveCfg = Release|Any CPU
		{74551872-B7FB-B016-03E0-BD7E614DB7B6}.Release|Any CPU.Build.0 = Release|Any CPU
	EndGlobalSection
	GlobalSection(SolutionProperties) = preSolution
		HideSolutionNode = FALSE
	EndGlobalSection
EndGlobal
